// !$*UTF8*$!
{
	archiveVersion = 1;
	classes = {
	};
	objectVersion = 50;
	objects = {

/* Begin PBXBuildFile section */
		125604BC22EA81E700068D8B /* GoogleService-Info.plist in Resources */ = {isa = PBXBuildFile; fileRef = 125604BB22EA81E700068D8B /* GoogleService-Info.plist */; };
		125C9AE622E7F45700533885 /* BrowseViewController.swift in Sources */ = {isa = PBXBuildFile; fileRef = 125C9AE522E7F45700533885 /* BrowseViewController.swift */; };
		125DBF0922E9302B00231E3B /* SignInSignUpViewController.swift in Sources */ = {isa = PBXBuildFile; fileRef = 125DBF0822E9302B00231E3B /* SignInSignUpViewController.swift */; };
		127C1B9022FCF953001564A5 /* Lilypad.swift in Sources */ = {isa = PBXBuildFile; fileRef = 127C1B8F22FCF952001564A5 /* Lilypad.swift */; };
		127CF1C5232AC74D006E897F /* LilypadCollectionViewCell.swift in Sources */ = {isa = PBXBuildFile; fileRef = 127CF1C4232AC74D006E897F /* LilypadCollectionViewCell.swift */; };
		1280789222F2777F0098A9BE /* User.swift in Sources */ = {isa = PBXBuildFile; fileRef = 1280789122F2777F0098A9BE /* User.swift */; };
		12BAC8C422E9391E00A7834E /* System.swift in Sources */ = {isa = PBXBuildFile; fileRef = 12BAC8C322E9391E00A7834E /* System.swift */; };
		12DFFED822EA9406009617B7 /* DatabaseManager.swift in Sources */ = {isa = PBXBuildFile; fileRef = 12DFFED722EA9406009617B7 /* DatabaseManager.swift */; };
		12EED2AC22D80D6D00985BBE /* Comfortaa in Resources */ = {isa = PBXBuildFile; fileRef = 12EED2AB22D80D6D00985BBE /* Comfortaa */; };
		12EED2AE22D80DEF00985BBE /* Comfortaa-Light.ttf in Resources */ = {isa = PBXBuildFile; fileRef = 12EED2AD22D80DEF00985BBE /* Comfortaa-Light.ttf */; };
		12EED2B022D80DF700985BBE /* Comfortaa-Regular.ttf in Resources */ = {isa = PBXBuildFile; fileRef = 12EED2AF22D80DF700985BBE /* Comfortaa-Regular.ttf */; };
		12EED2B222D80EB300985BBE /* Comfortaa-Bold.ttf in Resources */ = {isa = PBXBuildFile; fileRef = 12EED2B122D80EB200985BBE /* Comfortaa-Bold.ttf */; };
		12EED2B422D8192C00985BBE /* Constants.swift in Sources */ = {isa = PBXBuildFile; fileRef = 12EED2B322D8192C00985BBE /* Constants.swift */; };
		12EED2B622D81C9300985BBE /* TadpoleTabBarController.swift in Sources */ = {isa = PBXBuildFile; fileRef = 12EED2B522D81C9300985BBE /* TadpoleTabBarController.swift */; };
		12EED2B822D81EAC00985BBE /* AccountViewController.swift in Sources */ = {isa = PBXBuildFile; fileRef = 12EED2B722D81EAC00985BBE /* AccountViewController.swift */; };
		12F2455D22D6EAD900282FE6 /* AppDelegate.swift in Sources */ = {isa = PBXBuildFile; fileRef = 12F2455C22D6EAD900282FE6 /* AppDelegate.swift */; };
		12F2455F22D6EAD900282FE6 /* ViewController.swift in Sources */ = {isa = PBXBuildFile; fileRef = 12F2455E22D6EAD900282FE6 /* ViewController.swift */; };
		12F2456222D6EAD900282FE6 /* Main.storyboard in Resources */ = {isa = PBXBuildFile; fileRef = 12F2456022D6EAD900282FE6 /* Main.storyboard */; };
		12F2456422D6EADA00282FE6 /* Assets.xcassets in Resources */ = {isa = PBXBuildFile; fileRef = 12F2456322D6EADA00282FE6 /* Assets.xcassets */; };
		12F2456722D6EADA00282FE6 /* LaunchScreen.storyboard in Resources */ = {isa = PBXBuildFile; fileRef = 12F2456522D6EADA00282FE6 /* LaunchScreen.storyboard */; };
		12F2456F22D6EAE900282FE6 /* Colors.swift in Sources */ = {isa = PBXBuildFile; fileRef = 12F2456E22D6EAE900282FE6 /* Colors.swift */; };
		9E5C868BD9F7EEA2740E2174 /* Pods_tadpole.framework in Frameworks */ = {isa = PBXBuildFile; fileRef = 3CDBF8EDE7571C2A27137A43 /* Pods_tadpole.framework */; };
/* End PBXBuildFile section */

/* Begin PBXFileReference section */
		125604BB22EA81E700068D8B /* GoogleService-Info.plist */ = {isa = PBXFileReference; fileEncoding = 4; lastKnownFileType = text.plist.xml; path = "GoogleService-Info.plist"; sourceTree = "<group>"; };
		125C9AE522E7F45700533885 /* BrowseViewController.swift */ = {isa = PBXFileReference; lastKnownFileType = sourcecode.swift; path = BrowseViewController.swift; sourceTree = "<group>"; };
		125DBF0822E9302B00231E3B /* SignInSignUpViewController.swift */ = {isa = PBXFileReference; lastKnownFileType = sourcecode.swift; path = SignInSignUpViewController.swift; sourceTree = "<group>"; };
		127C1B8F22FCF952001564A5 /* Lilypad.swift */ = {isa = PBXFileReference; lastKnownFileType = sourcecode.swift; path = Lilypad.swift; sourceTree = "<group>"; };
		127CF1C4232AC74D006E897F /* LilypadCollectionViewCell.swift */ = {isa = PBXFileReference; lastKnownFileType = sourcecode.swift; path = LilypadCollectionViewCell.swift; sourceTree = "<group>"; };
		1280789122F2777F0098A9BE /* User.swift */ = {isa = PBXFileReference; lastKnownFileType = sourcecode.swift; path = User.swift; sourceTree = "<group>"; };
		12BAC8C322E9391E00A7834E /* System.swift */ = {isa = PBXFileReference; lastKnownFileType = sourcecode.swift; path = System.swift; sourceTree = "<group>"; };
		12DFFED722EA9406009617B7 /* DatabaseManager.swift */ = {isa = PBXFileReference; lastKnownFileType = sourcecode.swift; path = DatabaseManager.swift; sourceTree = "<group>"; };
		12EED2AB22D80D6D00985BBE /* Comfortaa */ = {isa = PBXFileReference; lastKnownFileType = folder; path = Comfortaa; sourceTree = "<group>"; };
		12EED2AD22D80DEF00985BBE /* Comfortaa-Light.ttf */ = {isa = PBXFileReference; lastKnownFileType = file; path = "Comfortaa-Light.ttf"; sourceTree = "<group>"; };
		12EED2AF22D80DF700985BBE /* Comfortaa-Regular.ttf */ = {isa = PBXFileReference; lastKnownFileType = file; path = "Comfortaa-Regular.ttf"; sourceTree = "<group>"; };
		12EED2B122D80EB200985BBE /* Comfortaa-Bold.ttf */ = {isa = PBXFileReference; lastKnownFileType = file; path = "Comfortaa-Bold.ttf"; sourceTree = "<group>"; };
		12EED2B322D8192C00985BBE /* Constants.swift */ = {isa = PBXFileReference; lastKnownFileType = sourcecode.swift; path = Constants.swift; sourceTree = "<group>"; };
		12EED2B522D81C9300985BBE /* TadpoleTabBarController.swift */ = {isa = PBXFileReference; lastKnownFileType = sourcecode.swift; path = TadpoleTabBarController.swift; sourceTree = "<group>"; };
		12EED2B722D81EAC00985BBE /* AccountViewController.swift */ = {isa = PBXFileReference; lastKnownFileType = sourcecode.swift; path = AccountViewController.swift; sourceTree = "<group>"; };
		12F2455922D6EAD900282FE6 /* tadpole.app */ = {isa = PBXFileReference; explicitFileType = wrapper.application; includeInIndex = 0; path = tadpole.app; sourceTree = BUILT_PRODUCTS_DIR; };
		12F2455C22D6EAD900282FE6 /* AppDelegate.swift */ = {isa = PBXFileReference; lastKnownFileType = sourcecode.swift; path = AppDelegate.swift; sourceTree = "<group>"; };
		12F2455E22D6EAD900282FE6 /* ViewController.swift */ = {isa = PBXFileReference; lastKnownFileType = sourcecode.swift; path = ViewController.swift; sourceTree = "<group>"; };
		12F2456122D6EAD900282FE6 /* Base */ = {isa = PBXFileReference; lastKnownFileType = file.storyboard; name = Base; path = Base.lproj/Main.storyboard; sourceTree = "<group>"; };
		12F2456322D6EADA00282FE6 /* Assets.xcassets */ = {isa = PBXFileReference; lastKnownFileType = folder.assetcatalog; path = Assets.xcassets; sourceTree = "<group>"; };
		12F2456622D6EADA00282FE6 /* Base */ = {isa = PBXFileReference; lastKnownFileType = file.storyboard; name = Base; path = Base.lproj/LaunchScreen.storyboard; sourceTree = "<group>"; };
		12F2456822D6EADA00282FE6 /* Info.plist */ = {isa = PBXFileReference; lastKnownFileType = text.plist.xml; path = Info.plist; sourceTree = "<group>"; };
		12F2456E22D6EAE900282FE6 /* Colors.swift */ = {isa = PBXFileReference; lastKnownFileType = sourcecode.swift; path = Colors.swift; sourceTree = "<group>"; };
		39CAA0DA0C40CB0E6E6B93CA /* Pods-tadpole.debug.xcconfig */ = {isa = PBXFileReference; includeInIndex = 1; lastKnownFileType = text.xcconfig; name = "Pods-tadpole.debug.xcconfig"; path = "Target Support Files/Pods-tadpole/Pods-tadpole.debug.xcconfig"; sourceTree = "<group>"; };
		3CDBF8EDE7571C2A27137A43 /* Pods_tadpole.framework */ = {isa = PBXFileReference; explicitFileType = wrapper.framework; includeInIndex = 0; path = Pods_tadpole.framework; sourceTree = BUILT_PRODUCTS_DIR; };
		C4BBB49DEF7197E9FBCB03C7 /* Pods-tadpole.release.xcconfig */ = {isa = PBXFileReference; includeInIndex = 1; lastKnownFileType = text.xcconfig; name = "Pods-tadpole.release.xcconfig"; path = "Target Support Files/Pods-tadpole/Pods-tadpole.release.xcconfig"; sourceTree = "<group>"; };
/* End PBXFileReference section */

/* Begin PBXFrameworksBuildPhase section */
		12F2455622D6EAD900282FE6 /* Frameworks */ = {
			isa = PBXFrameworksBuildPhase;
			buildActionMask = 2147483647;
			files = (
				9E5C868BD9F7EEA2740E2174 /* Pods_tadpole.framework in Frameworks */,
			);
			runOnlyForDeploymentPostprocessing = 0;
		};
/* End PBXFrameworksBuildPhase section */

/* Begin PBXGroup section */
		127CF1C3232AC6F5006E897F /* Cells */ = {
			isa = PBXGroup;
			children = (
				127CF1C4232AC74D006E897F /* LilypadCollectionViewCell.swift */,
			);
			path = Cells;
			sourceTree = "<group>";
		};
		12DFFED522EA9349009617B7 /* Controllers */ = {
			isa = PBXGroup;
			children = (
				12EED2B722D81EAC00985BBE /* AccountViewController.swift */,
				125C9AE522E7F45700533885 /* BrowseViewController.swift */,
				125DBF0822E9302B00231E3B /* SignInSignUpViewController.swift */,
				12EED2B522D81C9300985BBE /* TadpoleTabBarController.swift */,
				12F2455E22D6EAD900282FE6 /* ViewController.swift */,
			);
			path = Controllers;
			sourceTree = "<group>";
		};
		12DFFED622EA939D009617B7 /* Models */ = {
			isa = PBXGroup;
			children = (
				12BAC8C322E9391E00A7834E /* System.swift */,
				12F2456E22D6EAE900282FE6 /* Colors.swift */,
				12EED2B322D8192C00985BBE /* Constants.swift */,
				127C1B8F22FCF952001564A5 /* Lilypad.swift */,
				1280789122F2777F0098A9BE /* User.swift */,
			);
			path = Models;
			sourceTree = "<group>";
		};
		12F2455022D6EAD900282FE6 = {
			isa = PBXGroup;
			children = (
				12EED2B122D80EB200985BBE /* Comfortaa-Bold.ttf */,
				12EED2AF22D80DF700985BBE /* Comfortaa-Regular.ttf */,
				12EED2AD22D80DEF00985BBE /* Comfortaa-Light.ttf */,
				12F2455B22D6EAD900282FE6 /* tadpole */,
				12F2455A22D6EAD900282FE6 /* Products */,
				C8BAA3CEE3F0701249791BB1 /* Pods */,
				6B1E7E5F41EBAB0E2E671B14 /* Frameworks */,
			);
			sourceTree = "<group>";
		};
		12F2455A22D6EAD900282FE6 /* Products */ = {
			isa = PBXGroup;
			children = (
				12F2455922D6EAD900282FE6 /* tadpole.app */,
			);
			name = Products;
			sourceTree = "<group>";
		};
		12F2455B22D6EAD900282FE6 /* tadpole */ = {
			isa = PBXGroup;
			children = (
				127CF1C3232AC6F5006E897F /* Cells */,
				12DFFED622EA939D009617B7 /* Models */,
				12DFFED522EA9349009617B7 /* Controllers */,
				12EED2AB22D80D6D00985BBE /* Comfortaa */,
				12F2455C22D6EAD900282FE6 /* AppDelegate.swift */,
				12DFFED722EA9406009617B7 /* DatabaseManager.swift */,
				12F2456022D6EAD900282FE6 /* Main.storyboard */,
				12F2456322D6EADA00282FE6 /* Assets.xcassets */,
				12F2456522D6EADA00282FE6 /* LaunchScreen.storyboard */,
				125604BB22EA81E700068D8B /* GoogleService-Info.plist */,
				12F2456822D6EADA00282FE6 /* Info.plist */,
			);
			path = tadpole;
			sourceTree = "<group>";
		};
		6B1E7E5F41EBAB0E2E671B14 /* Frameworks */ = {
			isa = PBXGroup;
			children = (
				3CDBF8EDE7571C2A27137A43 /* Pods_tadpole.framework */,
			);
			name = Frameworks;
			sourceTree = "<group>";
		};
		C8BAA3CEE3F0701249791BB1 /* Pods */ = {
			isa = PBXGroup;
			children = (
				39CAA0DA0C40CB0E6E6B93CA /* Pods-tadpole.debug.xcconfig */,
				C4BBB49DEF7197E9FBCB03C7 /* Pods-tadpole.release.xcconfig */,
			);
			path = Pods;
			sourceTree = "<group>";
		};
/* End PBXGroup section */

/* Begin PBXNativeTarget section */
		12F2455822D6EAD900282FE6 /* tadpole */ = {
			isa = PBXNativeTarget;
			buildConfigurationList = 12F2456B22D6EADA00282FE6 /* Build configuration list for PBXNativeTarget "tadpole" */;
			buildPhases = (
				7B62E2C3AF63910434C590EE /* [CP] Check Pods Manifest.lock */,
				12F2455522D6EAD900282FE6 /* Sources */,
				12F2455622D6EAD900282FE6 /* Frameworks */,
				12F2455722D6EAD900282FE6 /* Resources */,
				B7D4747D9A717061660C4557 /* [CP] Embed Pods Frameworks */,
				8998FA471FB3712F28CB3E58 /* [CP] Copy Pods Resources */,
			);
			buildRules = (
			);
			dependencies = (
			);
			name = tadpole;
			productName = tadpole;
			productReference = 12F2455922D6EAD900282FE6 /* tadpole.app */;
			productType = "com.apple.product-type.application";
		};
/* End PBXNativeTarget section */

/* Begin PBXProject section */
		12F2455122D6EAD900282FE6 /* Project object */ = {
			isa = PBXProject;
			attributes = {
				LastSwiftUpdateCheck = 1020;
				LastUpgradeCheck = 1020;
				ORGANIZATIONNAME = "Michael Behrens";
				TargetAttributes = {
					12F2455822D6EAD900282FE6 = {
						CreatedOnToolsVersion = 10.2.1;
					};
				};
			};
			buildConfigurationList = 12F2455422D6EAD900282FE6 /* Build configuration list for PBXProject "tadpole" */;
			compatibilityVersion = "Xcode 9.3";
			developmentRegion = en;
			hasScannedForEncodings = 0;
			knownRegions = (
				en,
				Base,
			);
			mainGroup = 12F2455022D6EAD900282FE6;
			productRefGroup = 12F2455A22D6EAD900282FE6 /* Products */;
			projectDirPath = "";
			projectRoot = "";
			targets = (
				12F2455822D6EAD900282FE6 /* tadpole */,
			);
		};
/* End PBXProject section */

/* Begin PBXResourcesBuildPhase section */
		12F2455722D6EAD900282FE6 /* Resources */ = {
			isa = PBXResourcesBuildPhase;
			buildActionMask = 2147483647;
			files = (
				12EED2B222D80EB300985BBE /* Comfortaa-Bold.ttf in Resources */,
				125604BC22EA81E700068D8B /* GoogleService-Info.plist in Resources */,
				12EED2B022D80DF700985BBE /* Comfortaa-Regular.ttf in Resources */,
				12EED2AE22D80DEF00985BBE /* Comfortaa-Light.ttf in Resources */,
				12F2456722D6EADA00282FE6 /* LaunchScreen.storyboard in Resources */,
				12EED2AC22D80D6D00985BBE /* Comfortaa in Resources */,
				12F2456422D6EADA00282FE6 /* Assets.xcassets in Resources */,
				12F2456222D6EAD900282FE6 /* Main.storyboard in Resources */,
			);
			runOnlyForDeploymentPostprocessing = 0;
		};
/* End PBXResourcesBuildPhase section */

/* Begin PBXShellScriptBuildPhase section */
		7B62E2C3AF63910434C590EE /* [CP] Check Pods Manifest.lock */ = {
			isa = PBXShellScriptBuildPhase;
			buildActionMask = 2147483647;
			files = (
			);
			inputFileListPaths = (
			);
			inputPaths = (
				"${PODS_PODFILE_DIR_PATH}/Podfile.lock",
				"${PODS_ROOT}/Manifest.lock",
			);
			name = "[CP] Check Pods Manifest.lock";
			outputFileListPaths = (
			);
			outputPaths = (
				"$(DERIVED_FILE_DIR)/Pods-tadpole-checkManifestLockResult.txt",
			);
			runOnlyForDeploymentPostprocessing = 0;
			shellPath = /bin/sh;
			shellScript = "diff \"${PODS_PODFILE_DIR_PATH}/Podfile.lock\" \"${PODS_ROOT}/Manifest.lock\" > /dev/null\nif [ $? != 0 ] ; then\n    # print error to STDERR\n    echo \"error: The sandbox is not in sync with the Podfile.lock. Run 'pod install' or update your CocoaPods installation.\" >&2\n    exit 1\nfi\n# This output is used by Xcode 'outputs' to avoid re-running this script phase.\necho \"SUCCESS\" > \"${SCRIPT_OUTPUT_FILE_0}\"\n";
			showEnvVarsInLog = 0;
		};
		8998FA471FB3712F28CB3E58 /* [CP] Copy Pods Resources */ = {
			isa = PBXShellScriptBuildPhase;
			buildActionMask = 2147483647;
			files = (
			);
			inputFileListPaths = (
			);
			inputPaths = (
				"${PODS_ROOT}/Target Support Files/Pods-tadpole/Pods-tadpole-resources.sh",
				"${PODS_ROOT}/GoogleSignIn/Resources/GoogleSignIn.bundle",
			);
			name = "[CP] Copy Pods Resources";
			outputFileListPaths = (
			);
			outputPaths = (
				"${TARGET_BUILD_DIR}/${UNLOCALIZED_RESOURCES_FOLDER_PATH}/GoogleSignIn.bundle",
			);
			runOnlyForDeploymentPostprocessing = 0;
			shellPath = /bin/sh;
			shellScript = "\"${PODS_ROOT}/Target Support Files/Pods-tadpole/Pods-tadpole-resources.sh\"\n";
			showEnvVarsInLog = 0;
		};
		B7D4747D9A717061660C4557 /* [CP] Embed Pods Frameworks */ = {
			isa = PBXShellScriptBuildPhase;
			buildActionMask = 2147483647;
			files = (
			);
			inputFileListPaths = (
			);
			inputPaths = (
				"${PODS_ROOT}/Target Support Files/Pods-tadpole/Pods-tadpole-frameworks.sh",
				"${BUILT_PRODUCTS_DIR}/GTMSessionFetcher/GTMSessionFetcher.framework",
				"${BUILT_PRODUCTS_DIR}/GoogleToolboxForMac/GoogleToolboxForMac.framework",
				"${BUILT_PRODUCTS_DIR}/GoogleUtilities/GoogleUtilities.framework",
				"${PODS_ROOT}/Mapbox-iOS-SDK/dynamic/Mapbox.framework",
				"${PODS_ROOT}/Mapbox-iOS-SDK/dynamic/Mapbox.framework.dSYM",
				"${BUILT_PRODUCTS_DIR}/leveldb-library/leveldb.framework",
				"${BUILT_PRODUCTS_DIR}/nanopb/nanopb.framework",
			);
			name = "[CP] Embed Pods Frameworks";
			outputFileListPaths = (
			);
			outputPaths = (
				"${TARGET_BUILD_DIR}/${FRAMEWORKS_FOLDER_PATH}/GTMSessionFetcher.framework",
				"${TARGET_BUILD_DIR}/${FRAMEWORKS_FOLDER_PATH}/GoogleToolboxForMac.framework",
				"${TARGET_BUILD_DIR}/${FRAMEWORKS_FOLDER_PATH}/GoogleUtilities.framework",
				"${TARGET_BUILD_DIR}/${FRAMEWORKS_FOLDER_PATH}/Mapbox.framework",
				"${DWARF_DSYM_FOLDER_PATH}/Mapbox.framework.dSYM",
				"${TARGET_BUILD_DIR}/${FRAMEWORKS_FOLDER_PATH}/leveldb.framework",
				"${TARGET_BUILD_DIR}/${FRAMEWORKS_FOLDER_PATH}/nanopb.framework",
			);
			runOnlyForDeploymentPostprocessing = 0;
			shellPath = /bin/sh;
			shellScript = "\"${PODS_ROOT}/Target Support Files/Pods-tadpole/Pods-tadpole-frameworks.sh\"\n";
			showEnvVarsInLog = 0;
		};
/* End PBXShellScriptBuildPhase section */

/* Begin PBXSourcesBuildPhase section */
		12F2455522D6EAD900282FE6 /* Sources */ = {
			isa = PBXSourcesBuildPhase;
			buildActionMask = 2147483647;
			files = (
				125DBF0922E9302B00231E3B /* SignInSignUpViewController.swift in Sources */,
				12F2455F22D6EAD900282FE6 /* ViewController.swift in Sources */,
				12DFFED822EA9406009617B7 /* DatabaseManager.swift in Sources */,
				12F2456F22D6EAE900282FE6 /* Colors.swift in Sources */,
				12EED2B822D81EAC00985BBE /* AccountViewController.swift in Sources */,
				127CF1C5232AC74D006E897F /* LilypadCollectionViewCell.swift in Sources */,
				12F2455D22D6EAD900282FE6 /* AppDelegate.swift in Sources */,
				12EED2B622D81C9300985BBE /* TadpoleTabBarController.swift in Sources */,
				127C1B9022FCF953001564A5 /* Lilypad.swift in Sources */,
				12EED2B422D8192C00985BBE /* Constants.swift in Sources */,
				12BAC8C422E9391E00A7834E /* System.swift in Sources */,
				125C9AE622E7F45700533885 /* BrowseViewController.swift in Sources */,
				1280789222F2777F0098A9BE /* User.swift in Sources */,
			);
			runOnlyForDeploymentPostprocessing = 0;
		};
/* End PBXSourcesBuildPhase section */

/* Begin PBXVariantGroup section */
		12F2456022D6EAD900282FE6 /* Main.storyboard */ = {
			isa = PBXVariantGroup;
			children = (
				12F2456122D6EAD900282FE6 /* Base */,
			);
			name = Main.storyboard;
			sourceTree = "<group>";
		};
		12F2456522D6EADA00282FE6 /* LaunchScreen.storyboard */ = {
			isa = PBXVariantGroup;
			children = (
				12F2456622D6EADA00282FE6 /* Base */,
			);
			name = LaunchScreen.storyboard;
			sourceTree = "<group>";
		};
/* End PBXVariantGroup section */

/* Begin XCBuildConfiguration section */
		12F2456922D6EADA00282FE6 /* Debug */ = {
			isa = XCBuildConfiguration;
			buildSettings = {
				ALWAYS_SEARCH_USER_PATHS = NO;
				CLANG_ANALYZER_NONNULL = YES;
				CLANG_ANALYZER_NUMBER_OBJECT_CONVERSION = YES_AGGRESSIVE;
				CLANG_CXX_LANGUAGE_STANDARD = "gnu++14";
				CLANG_CXX_LIBRARY = "libc++";
				CLANG_ENABLE_MODULES = YES;
				CLANG_ENABLE_OBJC_ARC = YES;
				CLANG_ENABLE_OBJC_WEAK = YES;
				CLANG_WARN_BLOCK_CAPTURE_AUTORELEASING = YES;
				CLANG_WARN_BOOL_CONVERSION = YES;
				CLANG_WARN_COMMA = YES;
				CLANG_WARN_CONSTANT_CONVERSION = YES;
				CLANG_WARN_DEPRECATED_OBJC_IMPLEMENTATIONS = YES;
				CLANG_WARN_DIRECT_OBJC_ISA_USAGE = YES_ERROR;
				CLANG_WARN_DOCUMENTATION_COMMENTS = YES;
				CLANG_WARN_EMPTY_BODY = YES;
				CLANG_WARN_ENUM_CONVERSION = YES;
				CLANG_WARN_INFINITE_RECURSION = YES;
				CLANG_WARN_INT_CONVERSION = YES;
				CLANG_WARN_NON_LITERAL_NULL_CONVERSION = YES;
				CLANG_WARN_OBJC_IMPLICIT_RETAIN_SELF = YES;
				CLANG_WARN_OBJC_LITERAL_CONVERSION = YES;
				CLANG_WARN_OBJC_ROOT_CLASS = YES_ERROR;
				CLANG_WARN_RANGE_LOOP_ANALYSIS = YES;
				CLANG_WARN_STRICT_PROTOTYPES = YES;
				CLANG_WARN_SUSPICIOUS_MOVE = YES;
				CLANG_WARN_UNGUARDED_AVAILABILITY = YES_AGGRESSIVE;
				CLANG_WARN_UNREACHABLE_CODE = YES;
				CLANG_WARN__DUPLICATE_METHOD_MATCH = YES;
				CODE_SIGN_IDENTITY = "iPhone Developer";
				COPY_PHASE_STRIP = NO;
				DEBUG_INFORMATION_FORMAT = dwarf;
				ENABLE_STRICT_OBJC_MSGSEND = YES;
				ENABLE_TESTABILITY = YES;
				GCC_C_LANGUAGE_STANDARD = gnu11;
				GCC_DYNAMIC_NO_PIC = NO;
				GCC_NO_COMMON_BLOCKS = YES;
				GCC_OPTIMIZATION_LEVEL = 0;
				GCC_PREPROCESSOR_DEFINITIONS = (
					"DEBUG=1",
					"$(inherited)",
				);
				GCC_WARN_64_TO_32_BIT_CONVERSION = YES;
				GCC_WARN_ABOUT_RETURN_TYPE = YES_ERROR;
				GCC_WARN_UNDECLARED_SELECTOR = YES;
				GCC_WARN_UNINITIALIZED_AUTOS = YES_AGGRESSIVE;
				GCC_WARN_UNUSED_FUNCTION = YES;
				GCC_WARN_UNUSED_VARIABLE = YES;
				IPHONEOS_DEPLOYMENT_TARGET = 12.2;
				MTL_ENABLE_DEBUG_INFO = INCLUDE_SOURCE;
				MTL_FAST_MATH = YES;
				ONLY_ACTIVE_ARCH = YES;
				SDKROOT = iphoneos;
				SWIFT_ACTIVE_COMPILATION_CONDITIONS = DEBUG;
				SWIFT_OPTIMIZATION_LEVEL = "-Onone";
			};
			name = Debug;
		};
		12F2456A22D6EADA00282FE6 /* Release */ = {
			isa = XCBuildConfiguration;
			buildSettings = {
				ALWAYS_SEARCH_USER_PATHS = NO;
				CLANG_ANALYZER_NONNULL = YES;
				CLANG_ANALYZER_NUMBER_OBJECT_CONVERSION = YES_AGGRESSIVE;
				CLANG_CXX_LANGUAGE_STANDARD = "gnu++14";
				CLANG_CXX_LIBRARY = "libc++";
				CLANG_ENABLE_MODULES = YES;
				CLANG_ENABLE_OBJC_ARC = YES;
				CLANG_ENABLE_OBJC_WEAK = YES;
				CLANG_WARN_BLOCK_CAPTURE_AUTORELEASING = YES;
				CLANG_WARN_BOOL_CONVERSION = YES;
				CLANG_WARN_COMMA = YES;
				CLANG_WARN_CONSTANT_CONVERSION = YES;
				CLANG_WARN_DEPRECATED_OBJC_IMPLEMENTATIONS = YES;
				CLANG_WARN_DIRECT_OBJC_ISA_USAGE = YES_ERROR;
				CLANG_WARN_DOCUMENTATION_COMMENTS = YES;
				CLANG_WARN_EMPTY_BODY = YES;
				CLANG_WARN_ENUM_CONVERSION = YES;
				CLANG_WARN_INFINITE_RECURSION = YES;
				CLANG_WARN_INT_CONVERSION = YES;
				CLANG_WARN_NON_LITERAL_NULL_CONVERSION = YES;
				CLANG_WARN_OBJC_IMPLICIT_RETAIN_SELF = YES;
				CLANG_WARN_OBJC_LITERAL_CONVERSION = YES;
				CLANG_WARN_OBJC_ROOT_CLASS = YES_ERROR;
				CLANG_WARN_RANGE_LOOP_ANALYSIS = YES;
				CLANG_WARN_STRICT_PROTOTYPES = YES;
				CLANG_WARN_SUSPICIOUS_MOVE = YES;
				CLANG_WARN_UNGUARDED_AVAILABILITY = YES_AGGRESSIVE;
				CLANG_WARN_UNREACHABLE_CODE = YES;
				CLANG_WARN__DUPLICATE_METHOD_MATCH = YES;
				CODE_SIGN_IDENTITY = "iPhone Developer";
				COPY_PHASE_STRIP = NO;
				DEBUG_INFORMATION_FORMAT = "dwarf-with-dsym";
				ENABLE_NS_ASSERTIONS = NO;
				ENABLE_STRICT_OBJC_MSGSEND = YES;
				GCC_C_LANGUAGE_STANDARD = gnu11;
				GCC_NO_COMMON_BLOCKS = YES;
				GCC_WARN_64_TO_32_BIT_CONVERSION = YES;
				GCC_WARN_ABOUT_RETURN_TYPE = YES_ERROR;
				GCC_WARN_UNDECLARED_SELECTOR = YES;
				GCC_WARN_UNINITIALIZED_AUTOS = YES_AGGRESSIVE;
				GCC_WARN_UNUSED_FUNCTION = YES;
				GCC_WARN_UNUSED_VARIABLE = YES;
				IPHONEOS_DEPLOYMENT_TARGET = 12.2;
				MTL_ENABLE_DEBUG_INFO = NO;
				MTL_FAST_MATH = YES;
				SDKROOT = iphoneos;
				SWIFT_COMPILATION_MODE = wholemodule;
				SWIFT_OPTIMIZATION_LEVEL = "-O";
				VALIDATE_PRODUCT = YES;
			};
			name = Release;
		};
		12F2456C22D6EADA00282FE6 /* Debug */ = {
			isa = XCBuildConfiguration;
			baseConfigurationReference = 39CAA0DA0C40CB0E6E6B93CA /* Pods-tadpole.debug.xcconfig */;
			buildSettings = {
				ASSETCATALOG_COMPILER_APPICON_NAME = AppIcon;
				CODE_SIGN_STYLE = Automatic;
				INFOPLIST_FILE = tadpole/Info.plist;
				IPHONEOS_DEPLOYMENT_TARGET = 12.0;
				LD_RUNPATH_SEARCH_PATHS = (
					"$(inherited)",
					"@executable_path/Frameworks",
				);
				PRODUCT_BUNDLE_IDENTIFIER = com.example.tadpole;
				PRODUCT_NAME = "$(TARGET_NAME)";
				SWIFT_VERSION = 5.0;
				TARGETED_DEVICE_FAMILY = "1,2";
			};
			name = Debug;
		};
		12F2456D22D6EADA00282FE6 /* Release */ = {
			isa = XCBuildConfiguration;
			baseConfigurationReference = C4BBB49DEF7197E9FBCB03C7 /* Pods-tadpole.release.xcconfig */;
			buildSettings = {
				ASSETCATALOG_COMPILER_APPICON_NAME = AppIcon;
				CODE_SIGN_STYLE = Automatic;
				INFOPLIST_FILE = tadpole/Info.plist;
				IPHONEOS_DEPLOYMENT_TARGET = 12.0;
				LD_RUNPATH_SEARCH_PATHS = (
					"$(inherited)",
					"@executable_path/Frameworks",
				);
				PRODUCT_BUNDLE_IDENTIFIER = com.example.tadpole;
				PRODUCT_NAME = "$(TARGET_NAME)";
				SWIFT_VERSION = 5.0;
				TARGETED_DEVICE_FAMILY = "1,2";
			};
			name = Release;
		};
/* End XCBuildConfiguration section */

/* Begin XCConfigurationList section */
		12F2455422D6EAD900282FE6 /* Build configuration list for PBXProject "tadpole" */ = {
			isa = XCConfigurationList;
			buildConfigurations = (
				12F2456922D6EADA00282FE6 /* Debug */,
				12F2456A22D6EADA00282FE6 /* Release */,
			);
			defaultConfigurationIsVisible = 0;
			defaultConfigurationName = Release;
		};
		12F2456B22D6EADA00282FE6 /* Build configuration list for PBXNativeTarget "tadpole" */ = {
			isa = XCConfigurationList;
			buildConfigurations = (
				12F2456C22D6EADA00282FE6 /* Debug */,
				12F2456D22D6EADA00282FE6 /* Release */,
			);
			defaultConfigurationIsVisible = 0;
			defaultConfigurationName = Release;
		};
/* End XCConfigurationList section */
	};
	rootObject = 12F2455122D6EAD900282FE6 /* Project object */;
}
